// !$*UTF8*$!
{
	archiveVersion = 1;
	classes = {
	};
	objectVersion = 50;
	objects = {

/* Begin PBXBuildFile section */
		4D492E0D2137B3BE00B2E997 /* Inceptionv3.mlmodel in Sources */ = {isa = PBXBuildFile; fileRef = 4D492E0C2137B3BE00B2E997 /* Inceptionv3.mlmodel */; };
		4D492E0F2137B51700B2E997 /* Walkthrough.storyboard in Resources */ = {isa = PBXBuildFile; fileRef = 4D492E0E2137B51700B2E997 /* Walkthrough.storyboard */; };
		4D492E112137B53500B2E997 /* WalkthroughViewController.swift in Sources */ = {isa = PBXBuildFile; fileRef = 4D492E102137B53500B2E997 /* WalkthroughViewController.swift */; };
		4D492E152137B63600B2E997 /* Constansts.swift in Sources */ = {isa = PBXBuildFile; fileRef = 4D492E142137B63600B2E997 /* Constansts.swift */; };
		4D492E262137C52F00B2E997 /* WalkthroughFirstPageViewController.swift in Sources */ = {isa = PBXBuildFile; fileRef = 4D492E252137C52F00B2E997 /* WalkthroughFirstPageViewController.swift */; };
		4D492E282137C57600B2E997 /* WalkthroughSecondPageViewController.swift in Sources */ = {isa = PBXBuildFile; fileRef = 4D492E272137C57600B2E997 /* WalkthroughSecondPageViewController.swift */; };
		4D492E2A2137C58300B2E997 /* WalkthroughEndPageViewController.swift in Sources */ = {isa = PBXBuildFile; fileRef = 4D492E292137C58300B2E997 /* WalkthroughEndPageViewController.swift */; };
		4D9126092137D1E3000E22C8 /* Assets.xcassets in Resources */ = {isa = PBXBuildFile; fileRef = 4D9126082137D1E3000E22C8 /* Assets.xcassets */; };
		4D962CE421295E0D00AF0663 /* CameraViewController.swift in Sources */ = {isa = PBXBuildFile; fileRef = 4D962CE321295E0D00AF0663 /* CameraViewController.swift */; };
		4DA3E748213E6EA6005B8AEC /* VisionRequest.swift in Sources */ = {isa = PBXBuildFile; fileRef = 4DA3E747213E6EA6005B8AEC /* VisionRequest.swift */; };
		4DA3E74C213E814A005B8AEC /* UIImage+ConvertCVPixelBuffer.swift in Sources */ = {isa = PBXBuildFile; fileRef = 4DA3E74B213E814A005B8AEC /* UIImage+ConvertCVPixelBuffer.swift */; };
		AEA7E0174ECD86EFB9FC372A /* Pods_SearchByImage.framework in Frameworks */ = {isa = PBXBuildFile; fileRef = 951D3969BF52904D3246A9F2 /* Pods_SearchByImage.framework */; };
		B573C6BE211051A600C53B28 /* AppDelegate.swift in Sources */ = {isa = PBXBuildFile; fileRef = B573C6BD211051A600C53B28 /* AppDelegate.swift */; };
		B573C6C5211051A600C53B28 /* Camera.storyboard in Resources */ = {isa = PBXBuildFile; fileRef = B573C6C3211051A600C53B28 /* Camera.storyboard */; };
		B573C6CA211051A900C53B28 /* LaunchScreen.storyboard in Resources */ = {isa = PBXBuildFile; fileRef = B573C6C8211051A900C53B28 /* LaunchScreen.storyboard */; };
/* End PBXBuildFile section */

/* Begin PBXFileReference section */
		03ED8B019838C1F9F26CC7FD /* Pods-SearchByImage.release.xcconfig */ = {isa = PBXFileReference; includeInIndex = 1; lastKnownFileType = text.xcconfig; name = "Pods-SearchByImage.release.xcconfig"; path = "Pods/Target Support Files/Pods-SearchByImage/Pods-SearchByImage.release.xcconfig"; sourceTree = "<group>"; };
		4D492E0C2137B3BE00B2E997 /* Inceptionv3.mlmodel */ = {isa = PBXFileReference; lastKnownFileType = file.mlmodel; path = Inceptionv3.mlmodel; sourceTree = "<group>"; };
		4D492E0E2137B51700B2E997 /* Walkthrough.storyboard */ = {isa = PBXFileReference; lastKnownFileType = file.storyboard; path = Walkthrough.storyboard; sourceTree = "<group>"; };
		4D492E102137B53500B2E997 /* WalkthroughViewController.swift */ = {isa = PBXFileReference; lastKnownFileType = sourcecode.swift; path = WalkthroughViewController.swift; sourceTree = "<group>"; };
		4D492E142137B63600B2E997 /* Constansts.swift */ = {isa = PBXFileReference; lastKnownFileType = sourcecode.swift; path = Constansts.swift; sourceTree = "<group>"; };
		4D492E252137C52F00B2E997 /* WalkthroughFirstPageViewController.swift */ = {isa = PBXFileReference; lastKnownFileType = sourcecode.swift; path = WalkthroughFirstPageViewController.swift; sourceTree = "<group>"; };
		4D492E272137C57600B2E997 /* WalkthroughSecondPageViewController.swift */ = {isa = PBXFileReference; lastKnownFileType = sourcecode.swift; path = WalkthroughSecondPageViewController.swift; sourceTree = "<group>"; };
		4D492E292137C58300B2E997 /* WalkthroughEndPageViewController.swift */ = {isa = PBXFileReference; lastKnownFileType = sourcecode.swift; path = WalkthroughEndPageViewController.swift; sourceTree = "<group>"; };
		4D9126082137D1E3000E22C8 /* Assets.xcassets */ = {isa = PBXFileReference; lastKnownFileType = folder.assetcatalog; path = Assets.xcassets; sourceTree = "<group>"; };
		4D962CE321295E0D00AF0663 /* CameraViewController.swift */ = {isa = PBXFileReference; lastKnownFileType = sourcecode.swift; path = CameraViewController.swift; sourceTree = "<group>"; };
		4DA3E742213E686A005B8AEC /* en */ = {isa = PBXFileReference; lastKnownFileType = text.plist.xml; name = en; path = en.lproj/Info.plist; sourceTree = "<group>"; };
		4DA3E747213E6EA6005B8AEC /* VisionRequest.swift */ = {isa = PBXFileReference; lastKnownFileType = sourcecode.swift; path = VisionRequest.swift; sourceTree = "<group>"; };
		4DA3E74B213E814A005B8AEC /* UIImage+ConvertCVPixelBuffer.swift */ = {isa = PBXFileReference; lastKnownFileType = sourcecode.swift; path = "UIImage+ConvertCVPixelBuffer.swift"; sourceTree = "<group>"; };
		4DCF76B1213E6701004C7099 /* Base */ = {isa = PBXFileReference; lastKnownFileType = text.plist.xml; name = Base; path = Base.lproj/Info.plist; sourceTree = "<group>"; };
		951D3969BF52904D3246A9F2 /* Pods_SearchByImage.framework */ = {isa = PBXFileReference; explicitFileType = wrapper.framework; includeInIndex = 0; path = Pods_SearchByImage.framework; sourceTree = BUILT_PRODUCTS_DIR; };
		B573C6BA211051A600C53B28 /* SearchByImage.app */ = {isa = PBXFileReference; explicitFileType = wrapper.application; includeInIndex = 0; path = SearchByImage.app; sourceTree = BUILT_PRODUCTS_DIR; };
		B573C6BD211051A600C53B28 /* AppDelegate.swift */ = {isa = PBXFileReference; lastKnownFileType = sourcecode.swift; path = AppDelegate.swift; sourceTree = "<group>"; };
		B573C6C4211051A600C53B28 /* Base */ = {isa = PBXFileReference; lastKnownFileType = file.storyboard; name = Base; path = Base.lproj/Camera.storyboard; sourceTree = "<group>"; };
		B573C6C9211051A900C53B28 /* Base */ = {isa = PBXFileReference; lastKnownFileType = file.storyboard; name = Base; path = Base.lproj/LaunchScreen.storyboard; sourceTree = "<group>"; };
		EF02027093CED314BA9C05BB /* Pods-SearchByImage.debug.xcconfig */ = {isa = PBXFileReference; includeInIndex = 1; lastKnownFileType = text.xcconfig; name = "Pods-SearchByImage.debug.xcconfig"; path = "Pods/Target Support Files/Pods-SearchByImage/Pods-SearchByImage.debug.xcconfig"; sourceTree = "<group>"; };
/* End PBXFileReference section */

/* Begin PBXFrameworksBuildPhase section */
		B573C6B7211051A600C53B28 /* Frameworks */ = {
			isa = PBXFrameworksBuildPhase;
			buildActionMask = 2147483647;
			files = (
				AEA7E0174ECD86EFB9FC372A /* Pods_SearchByImage.framework in Frameworks */,
			);
			runOnlyForDeploymentPostprocessing = 0;
		};
/* End PBXFrameworksBuildPhase section */

/* Begin PBXGroup section */
		03F5F00FB22E8AF37AE06E71 /* Pods */ = {
			isa = PBXGroup;
			children = (
				EF02027093CED314BA9C05BB /* Pods-SearchByImage.debug.xcconfig */,
				03ED8B019838C1F9F26CC7FD /* Pods-SearchByImage.release.xcconfig */,
			);
			name = Pods;
			sourceTree = "<group>";
		};
		4D492E1A2137C2A100B2E997 /* Walkthrough Page */ = {
			isa = PBXGroup;
			children = (
				4D492E252137C52F00B2E997 /* WalkthroughFirstPageViewController.swift */,
				4D492E272137C57600B2E997 /* WalkthroughSecondPageViewController.swift */,
				4D492E292137C58300B2E997 /* WalkthroughEndPageViewController.swift */,
			);
			path = "Walkthrough Page";
			sourceTree = "<group>";
		};
		4D962CE521297D7F00AF0663 /* MLModel */ = {
			isa = PBXGroup;
			children = (
				4D492E0C2137B3BE00B2E997 /* Inceptionv3.mlmodel */,
			);
			path = MLModel;
			sourceTree = "<group>";
		};
		4DA3E746213E6E81005B8AEC /* Request */ = {
			isa = PBXGroup;
			children = (
				4DA3E747213E6EA6005B8AEC /* VisionRequest.swift */,
			);
			path = Request;
			sourceTree = "<group>";
		};
		4DA3E74A213E8042005B8AEC /* Extension */ = {
			isa = PBXGroup;
			children = (
				4DA3E74B213E814A005B8AEC /* UIImage+ConvertCVPixelBuffer.swift */,
			);
			path = Extension;
			sourceTree = "<group>";
		};
		B573C6B1211051A600C53B28 = {
			isa = PBXGroup;
			children = (
				B573C6BC211051A600C53B28 /* SearchByImage */,
				B573C6BB211051A600C53B28 /* Products */,
				03F5F00FB22E8AF37AE06E71 /* Pods */,
				E8107E788285D2EBF4ADCB9F /* Frameworks */,
			);
			sourceTree = "<group>";
		};
		B573C6BB211051A600C53B28 /* Products */ = {
			isa = PBXGroup;
			children = (
				B573C6BA211051A600C53B28 /* SearchByImage.app */,
			);
			name = Products;
			sourceTree = "<group>";
		};
		B573C6BC211051A600C53B28 /* SearchByImage */ = {
			isa = PBXGroup;
			children = (
				B573C6D5211053C900C53B28 /* Storyboard */,
				4DA3E74A213E8042005B8AEC /* Extension */,
				4DA3E746213E6E81005B8AEC /* Request */,
				B573C6D82110582300C53B28 /* ViewController */,
				4D962CE521297D7F00AF0663 /* MLModel */,
				4D9126082137D1E3000E22C8 /* Assets.xcassets */,
				B573C6BD211051A600C53B28 /* AppDelegate.swift */,
				4D492E142137B63600B2E997 /* Constansts.swift */,
				4DCF76B2213E6701004C7099 /* Info.plist */,
			);
			path = SearchByImage;
			sourceTree = "<group>";
		};
		B573C6D5211053C900C53B28 /* Storyboard */ = {
			isa = PBXGroup;
			children = (
				B573C6C8211051A900C53B28 /* LaunchScreen.storyboard */,
				4D492E0E2137B51700B2E997 /* Walkthrough.storyboard */,
				B573C6C3211051A600C53B28 /* Camera.storyboard */,
			);
			path = Storyboard;
			sourceTree = "<group>";
		};
		B573C6D82110582300C53B28 /* ViewController */ = {
			isa = PBXGroup;
			children = (
				4D492E1A2137C2A100B2E997 /* Walkthrough Page */,
				4D492E102137B53500B2E997 /* WalkthroughViewController.swift */,
				4D962CE321295E0D00AF0663 /* CameraViewController.swift */,
			);
			path = ViewController;
			sourceTree = "<group>";
		};
		E8107E788285D2EBF4ADCB9F /* Frameworks */ = {
			isa = PBXGroup;
			children = (
				951D3969BF52904D3246A9F2 /* Pods_SearchByImage.framework */,
			);
			name = Frameworks;
			sourceTree = "<group>";
		};
/* End PBXGroup section */

/* Begin PBXNativeTarget section */
		B573C6B9211051A600C53B28 /* SearchByImage */ = {
			isa = PBXNativeTarget;
			buildConfigurationList = B573C6CE211051A900C53B28 /* Build configuration list for PBXNativeTarget "SearchByImage" */;
			buildPhases = (
				D1EBDA9275ABB542A72F3B1A /* [CP] Check Pods Manifest.lock */,
				B573C6B6211051A600C53B28 /* Sources */,
				B573C6B7211051A600C53B28 /* Frameworks */,
				B573C6B8211051A600C53B28 /* Resources */,
				3607D4038A39139C12751933 /* [CP] Embed Pods Frameworks */,
			);
			buildRules = (
			);
			dependencies = (
			);
			name = SearchByImage;
			productName = SearchByImage;
			productReference = B573C6BA211051A600C53B28 /* SearchByImage.app */;
			productType = "com.apple.product-type.application";
		};
/* End PBXNativeTarget section */

/* Begin PBXProject section */
		B573C6B2211051A600C53B28 /* Project object */ = {
			isa = PBXProject;
			attributes = {
				LastSwiftUpdateCheck = 0940;
				LastUpgradeCheck = 0940;
				ORGANIZATIONNAME = yasuhisa.arakawa;
				TargetAttributes = {
					B573C6B9211051A600C53B28 = {
						CreatedOnToolsVersion = 9.4.1;
					};
				};
			};
			buildConfigurationList = B573C6B5211051A600C53B28 /* Build configuration list for PBXProject "SearchByImage" */;
			compatibilityVersion = "Xcode 9.3";
			developmentRegion = en;
			hasScannedForEncodings = 0;
			knownRegions = (
				en,
				Base,
			);
			mainGroup = B573C6B1211051A600C53B28;
			productRefGroup = B573C6BB211051A600C53B28 /* Products */;
			projectDirPath = "";
			projectRoot = "";
			targets = (
				B573C6B9211051A600C53B28 /* SearchByImage */,
			);
		};
/* End PBXProject section */

/* Begin PBXResourcesBuildPhase section */
		B573C6B8211051A600C53B28 /* Resources */ = {
			isa = PBXResourcesBuildPhase;
			buildActionMask = 2147483647;
			files = (
				B573C6CA211051A900C53B28 /* LaunchScreen.storyboard in Resources */,
				4D492E0F2137B51700B2E997 /* Walkthrough.storyboard in Resources */,
				4D9126092137D1E3000E22C8 /* Assets.xcassets in Resources */,
				B573C6C5211051A600C53B28 /* Camera.storyboard in Resources */,
			);
			runOnlyForDeploymentPostprocessing = 0;
		};
/* End PBXResourcesBuildPhase section */

/* Begin PBXShellScriptBuildPhase section */
		3607D4038A39139C12751933 /* [CP] Embed Pods Frameworks */ = {
			isa = PBXShellScriptBuildPhase;
			buildActionMask = 2147483647;
			files = (
			);
			inputPaths = (
				"${SRCROOT}/Pods/Target Support Files/Pods-SearchByImage/Pods-SearchByImage-frameworks.sh",
				"${BUILT_PRODUCTS_DIR}/BWWalkthrough/BWWalkthrough.framework",
			);
			name = "[CP] Embed Pods Frameworks";
			outputPaths = (
				"${TARGET_BUILD_DIR}/${FRAMEWORKS_FOLDER_PATH}/BWWalkthrough.framework",
			);
			runOnlyForDeploymentPostprocessing = 0;
			shellPath = /bin/sh;
			shellScript = "\"${SRCROOT}/Pods/Target Support Files/Pods-SearchByImage/Pods-SearchByImage-frameworks.sh\"\n";
			showEnvVarsInLog = 0;
		};
		D1EBDA9275ABB542A72F3B1A /* [CP] Check Pods Manifest.lock */ = {
			isa = PBXShellScriptBuildPhase;
			buildActionMask = 2147483647;
			files = (
			);
			inputPaths = (
				"${PODS_PODFILE_DIR_PATH}/Podfile.lock",
				"${PODS_ROOT}/Manifest.lock",
			);
			name = "[CP] Check Pods Manifest.lock";
			outputPaths = (
				"$(DERIVED_FILE_DIR)/Pods-SearchByImage-checkManifestLockResult.txt",
			);
			runOnlyForDeploymentPostprocessing = 0;
			shellPath = /bin/sh;
			shellScript = "diff \"${PODS_PODFILE_DIR_PATH}/Podfile.lock\" \"${PODS_ROOT}/Manifest.lock\" > /dev/null\nif [ $? != 0 ] ; then\n    # print error to STDERR\n    echo \"error: The sandbox is not in sync with the Podfile.lock. Run 'pod install' or update your CocoaPods installation.\" >&2\n    exit 1\nfi\n# This output is used by Xcode 'outputs' to avoid re-running this script phase.\necho \"SUCCESS\" > \"${SCRIPT_OUTPUT_FILE_0}\"\n";
			showEnvVarsInLog = 0;
		};
/* End PBXShellScriptBuildPhase section */

/* Begin PBXSourcesBuildPhase section */
		B573C6B6211051A600C53B28 /* Sources */ = {
			isa = PBXSourcesBuildPhase;
			buildActionMask = 2147483647;
			files = (
				B573C6BE211051A600C53B28 /* AppDelegate.swift in Sources */,
				4D492E112137B53500B2E997 /* WalkthroughViewController.swift in Sources */,
				4D492E0D2137B3BE00B2E997 /* Inceptionv3.mlmodel in Sources */,
				4D492E282137C57600B2E997 /* WalkthroughSecondPageViewController.swift in Sources */,
				4D492E2A2137C58300B2E997 /* WalkthroughEndPageViewController.swift in Sources */,
				4D962CE421295E0D00AF0663 /* CameraViewController.swift in Sources */,
				4D492E152137B63600B2E997 /* Constansts.swift in Sources */,
				4DA3E74C213E814A005B8AEC /* UIImage+ConvertCVPixelBuffer.swift in Sources */,
				4DA3E748213E6EA6005B8AEC /* VisionRequest.swift in Sources */,
				4D492E262137C52F00B2E997 /* WalkthroughFirstPageViewController.swift in Sources */,
			);
			runOnlyForDeploymentPostprocessing = 0;
		};
/* End PBXSourcesBuildPhase section */

/* Begin PBXVariantGroup section */
		4DCF76B2213E6701004C7099 /* Info.plist */ = {
			isa = PBXVariantGroup;
			children = (
				4DCF76B1213E6701004C7099 /* Base */,
				4DA3E742213E686A005B8AEC /* en */,
			);
			name = Info.plist;
			sourceTree = "<group>";
		};
		B573C6C3211051A600C53B28 /* Camera.storyboard */ = {
			isa = PBXVariantGroup;
			children = (
				B573C6C4211051A600C53B28 /* Base */,
			);
			name = Camera.storyboard;
			sourceTree = "<group>";
		};
		B573C6C8211051A900C53B28 /* LaunchScreen.storyboard */ = {
			isa = PBXVariantGroup;
			children = (
				B573C6C9211051A900C53B28 /* Base */,
			);
			name = LaunchScreen.storyboard;
			sourceTree = "<group>";
		};
/* End PBXVariantGroup section */

/* Begin XCBuildConfiguration section */
		B573C6CC211051A900C53B28 /* Debug */ = {
			isa = XCBuildConfiguration;
			buildSettings = {
				ALWAYS_SEARCH_USER_PATHS = NO;
				CLANG_ANALYZER_LOCALIZABILITY_NONLOCALIZED = YES;
				CLANG_ANALYZER_NONNULL = YES;
				CLANG_ANALYZER_NUMBER_OBJECT_CONVERSION = YES_AGGRESSIVE;
				CLANG_CXX_LANGUAGE_STANDARD = "gnu++14";
				CLANG_CXX_LIBRARY = "libc++";
				CLANG_ENABLE_MODULES = YES;
				CLANG_ENABLE_OBJC_ARC = YES;
				CLANG_ENABLE_OBJC_WEAK = YES;
				CLANG_WARN_BLOCK_CAPTURE_AUTORELEASING = YES;
				CLANG_WARN_BOOL_CONVERSION = YES;
				CLANG_WARN_COMMA = YES;
				CLANG_WARN_CONSTANT_CONVERSION = YES;
				CLANG_WARN_DEPRECATED_OBJC_IMPLEMENTATIONS = YES;
				CLANG_WARN_DIRECT_OBJC_ISA_USAGE = YES_ERROR;
				CLANG_WARN_DOCUMENTATION_COMMENTS = YES;
				CLANG_WARN_EMPTY_BODY = YES;
				CLANG_WARN_ENUM_CONVERSION = YES;
				CLANG_WARN_INFINITE_RECURSION = YES;
				CLANG_WARN_INT_CONVERSION = YES;
				CLANG_WARN_NON_LITERAL_NULL_CONVERSION = YES;
				CLANG_WARN_OBJC_IMPLICIT_RETAIN_SELF = YES;
				CLANG_WARN_OBJC_LITERAL_CONVERSION = YES;
				CLANG_WARN_OBJC_ROOT_CLASS = YES_ERROR;
				CLANG_WARN_RANGE_LOOP_ANALYSIS = YES;
				CLANG_WARN_STRICT_PROTOTYPES = YES;
				CLANG_WARN_SUSPICIOUS_MOVE = YES;
				CLANG_WARN_UNGUARDED_AVAILABILITY = YES_AGGRESSIVE;
				CLANG_WARN_UNREACHABLE_CODE = YES;
				CLANG_WARN__DUPLICATE_METHOD_MATCH = YES;
				CODE_SIGN_IDENTITY = "iPhone Developer";
				COPY_PHASE_STRIP = NO;
				DEBUG_INFORMATION_FORMAT = dwarf;
				ENABLE_STRICT_OBJC_MSGSEND = YES;
				ENABLE_TESTABILITY = YES;
				GCC_C_LANGUAGE_STANDARD = gnu11;
				GCC_DYNAMIC_NO_PIC = NO;
				GCC_NO_COMMON_BLOCKS = YES;
				GCC_OPTIMIZATION_LEVEL = 0;
				GCC_PREPROCESSOR_DEFINITIONS = (
					"DEBUG=1",
					"$(inherited)",
				);
				GCC_WARN_64_TO_32_BIT_CONVERSION = YES;
				GCC_WARN_ABOUT_RETURN_TYPE = YES_ERROR;
				GCC_WARN_UNDECLARED_SELECTOR = YES;
				GCC_WARN_UNINITIALIZED_AUTOS = YES_AGGRESSIVE;
				GCC_WARN_UNUSED_FUNCTION = YES;
				GCC_WARN_UNUSED_VARIABLE = YES;
				IPHONEOS_DEPLOYMENT_TARGET = 11.4;
				MTL_ENABLE_DEBUG_INFO = YES;
				ONLY_ACTIVE_ARCH = YES;
				SDKROOT = iphoneos;
				SWIFT_ACTIVE_COMPILATION_CONDITIONS = DEBUG;
				SWIFT_OPTIMIZATION_LEVEL = "-Onone";
			};
			name = Debug;
		};
		B573C6CD211051A900C53B28 /* Release */ = {
			isa = XCBuildConfiguration;
			buildSettings = {
				ALWAYS_SEARCH_USER_PATHS = NO;
				CLANG_ANALYZER_LOCALIZABILITY_NONLOCALIZED = YES;
				CLANG_ANALYZER_NONNULL = YES;
				CLANG_ANALYZER_NUMBER_OBJECT_CONVERSION = YES_AGGRESSIVE;
				CLANG_CXX_LANGUAGE_STANDARD = "gnu++14";
				CLANG_CXX_LIBRARY = "libc++";
				CLANG_ENABLE_MODULES = YES;
				CLANG_ENABLE_OBJC_ARC = YES;
				CLANG_ENABLE_OBJC_WEAK = YES;
				CLANG_WARN_BLOCK_CAPTURE_AUTORELEASING = YES;
				CLANG_WARN_BOOL_CONVERSION = YES;
				CLANG_WARN_COMMA = YES;
				CLANG_WARN_CONSTANT_CONVERSION = YES;
				CLANG_WARN_DEPRECATED_OBJC_IMPLEMENTATIONS = YES;
				CLANG_WARN_DIRECT_OBJC_ISA_USAGE = YES_ERROR;
				CLANG_WARN_DOCUMENTATION_COMMENTS = YES;
				CLANG_WARN_EMPTY_BODY = YES;
				CLANG_WARN_ENUM_CONVERSION = YES;
				CLANG_WARN_INFINITE_RECURSION = YES;
				CLANG_WARN_INT_CONVERSION = YES;
				CLANG_WARN_NON_LITERAL_NULL_CONVERSION = YES;
				CLANG_WARN_OBJC_IMPLICIT_RETAIN_SELF = YES;
				CLANG_WARN_OBJC_LITERAL_CONVERSION = YES;
				CLANG_WARN_OBJC_ROOT_CLASS = YES_ERROR;
				CLANG_WARN_RANGE_LOOP_ANALYSIS = YES;
				CLANG_WARN_STRICT_PROTOTYPES = YES;
				CLANG_WARN_SUSPICIOUS_MOVE = YES;
				CLANG_WARN_UNGUARDED_AVAILABILITY = YES_AGGRESSIVE;
				CLANG_WARN_UNREACHABLE_CODE = YES;
				CLANG_WARN__DUPLICATE_METHOD_MATCH = YES;
				CODE_SIGN_IDENTITY = "iPhone Developer";
				COPY_PHASE_STRIP = NO;
				DEBUG_INFORMATION_FORMAT = "dwarf-with-dsym";
				ENABLE_NS_ASSERTIONS = NO;
				ENABLE_STRICT_OBJC_MSGSEND = YES;
				GCC_C_LANGUAGE_STANDARD = gnu11;
				GCC_NO_COMMON_BLOCKS = YES;
				GCC_WARN_64_TO_32_BIT_CONVERSION = YES;
				GCC_WARN_ABOUT_RETURN_TYPE = YES_ERROR;
				GCC_WARN_UNDECLARED_SELECTOR = YES;
				GCC_WARN_UNINITIALIZED_AUTOS = YES_AGGRESSIVE;
				GCC_WARN_UNUSED_FUNCTION = YES;
				GCC_WARN_UNUSED_VARIABLE = YES;
				IPHONEOS_DEPLOYMENT_TARGET = 11.4;
				MTL_ENABLE_DEBUG_INFO = NO;
				SDKROOT = iphoneos;
				SWIFT_COMPILATION_MODE = wholemodule;
				SWIFT_OPTIMIZATION_LEVEL = "-O";
				VALIDATE_PRODUCT = YES;
			};
			name = Release;
		};
		B573C6CF211051A900C53B28 /* Debug */ = {
			isa = XCBuildConfiguration;
			baseConfigurationReference = EF02027093CED314BA9C05BB /* Pods-SearchByImage.debug.xcconfig */;
			buildSettings = {
				ASSETCATALOG_COMPILER_APPICON_NAME = AppIcon;
				CODE_SIGN_STYLE = Automatic;
				DEVELOPMENT_TEAM = U8BGCW7ZU6;
				INFOPLIST_FILE = SearchByImage/Base.lproj/Info.plist;
				LD_RUNPATH_SEARCH_PATHS = (
					"$(inherited)",
					"@executable_path/Frameworks",
				);
				PRODUCT_BUNDLE_IDENTIFIER = yasuhisa.arakawa.SearchByImage;
				PRODUCT_NAME = "$(TARGET_NAME)";
				SWIFT_VERSION = 4.0;
				TARGETED_DEVICE_FAMILY = "1,2";
			};
			name = Debug;
		};
		B573C6D0211051A900C53B28 /* Release */ = {
			isa = XCBuildConfiguration;
			baseConfigurationReference = 03ED8B019838C1F9F26CC7FD /* Pods-SearchByImage.release.xcconfig */;
			buildSettings = {
				ASSETCATALOG_COMPILER_APPICON_NAME = AppIcon;
				CODE_SIGN_STYLE = Automatic;
				DEVELOPMENT_TEAM = U8BGCW7ZU6;
				INFOPLIST_FILE = SearchByImage/Base.lproj/Info.plist;
				LD_RUNPATH_SEARCH_PATHS = (
					"$(inherited)",
					"@executable_path/Frameworks",
				);
				PRODUCT_BUNDLE_IDENTIFIER = yasuhisa.arakawa.SearchByImage;
				PRODUCT_NAME = "$(TARGET_NAME)";
				SWIFT_VERSION = 4.0;
				TARGETED_DEVICE_FAMILY = "1,2";
			};
			name = Release;
		};
/* End XCBuildConfiguration section */

/* Begin XCConfigurationList section */
		B573C6B5211051A600C53B28 /* Build configuration list for PBXProject "SearchByImage" */ = {
			isa = XCConfigurationList;
			buildConfigurations = (
				B573C6CC211051A900C53B28 /* Debug */,
				B573C6CD211051A900C53B28 /* Release */,
			);
			defaultConfigurationIsVisible = 0;
			defaultConfigurationName = Release;
		};
		B573C6CE211051A900C53B28 /* Build configuration list for PBXNativeTarget "SearchByImage" */ = {
			isa = XCConfigurationList;
			buildConfigurations = (
				B573C6CF211051A900C53B28 /* Debug */,
				B573C6D0211051A900C53B28 /* Release */,
			);
			defaultConfigurationIsVisible = 0;
			defaultConfigurationName = Release;
		};
/* End XCConfigurationList section */
	};
	rootObject = B573C6B2211051A600C53B28 /* Project object */;
}
